
Microsoft Visual Studio Solution File, Format Version 12.00
# Visual Studio Version 17
VisualStudioVersion = 17.4.33403.182
MinimumVisualStudioVersion = 10.0.40219.1
Project("{9A19103F-16F7-4668-BE54-9A1E7A4F7556}") = "ToDoApp.RestApi.Minimal", "ToDoApp.RestApi.Minimal.csproj", "{2B9DB7F6-9B66-4DE9-BF5C-CCC5B46A1B29}"
EndProject
Project("{9A19103F-16F7-4668-BE54-9A1E7A4F7556}") = "ToDoApp.Data.Sqlite", "..\ToDoApp.Data.Sqlite\ToDoApp.Data.Sqlite.csproj", "{39A08B44-7A23-4A30-BFF8-34C4A8A941BA}"
EndProject
Global
	GlobalSection(SolutionConfigurationPlatforms) = preSolution
		Debug|Any CPU = Debug|Any CPU
		Release|Any CPU = Release|Any CPU
	EndGlobalSection
	GlobalSection(ProjectConfigurationPlatforms) = postSolution
		{2B9DB7F6-9B66-4DE9-BF5C-CCC5B46A1B29}.Debug|Any CPU.ActiveCfg = Debug|Any CPU
		{2B9DB7F6-9B66-4DE9-BF5C-CCC5B46A1B29}.Debug|Any CPU.Build.0 = Debug|Any CPU
		{2B9DB7F6-9B66-4DE9-BF5C-CCC5B46A1B29}.Release|Any CPU.ActiveCfg = Release|Any CPU
		{2B9DB7F6-9B66-4DE9-BF5C-CCC5B46A1B29}.Release|Any CPU.Build.0 = Release|Any CPU
		{39A08B44-7A23-4A30-BFF8-34C4A8A941BA}.Debug|Any CPU.ActiveCfg = Debug|Any CPU
		{39A08B44-7A23-4A30-BFF8-34C4A8A941BA}.Debug|Any CPU.Build.0 = Debug|Any CPU
		{39A08B44-7A23-4A30-BFF8-34C4A8A941BA}.Release|Any CPU.ActiveCfg = Release|Any CPU
		{39A08B44-7A23-4A30-BFF8-34C4A8A941BA}.Release|Any CPU.Build.0 = Release|Any CPU
	EndGlobalSection
	GlobalSection(SolutionProperties) = preSolution
		HideSolutionNode = FALSE
	EndGlobalSection
	GlobalSection(ExtensibilityGlobals) = postSolution
		SolutionGuid = {222CDD24-70F3-488D-8B28-B95D9711C5B1}
	EndGlobalSection
EndGlobal
